
Microsoft Visual Studio Solution File, Format Version 12.00
# Visual Studio 15
VisualStudioVersion = 15.0.28307.572
MinimumVisualStudioVersion = 10.0.40219.1
Project("{FAE04EC0-301F-11D3-BF4B-00C04F79EFBC}") = "TestBench", "TestBench\TestBench.csproj", "{43A77830-16F5-42C4-B4B3-1C660B880A11}"
EndProject
Global
	GlobalSection(SolutionConfigurationPlatforms) = preSolution
		Debug|Any CPU = Debug|Any CPU
		Release|Any CPU = Release|Any CPU
	EndGlobalSection
	GlobalSection(ProjectConfigurationPlatforms) = postSolution
		{43A77830-16F5-42C4-B4B3-1C660B880A11}.Debug|Any CPU.ActiveCfg = Debug|Any CPU
		{43A77830-16F5-42C4-B4B3-1C660B880A11}.Debug|Any CPU.Build.0 = Debug|Any CPU
		{43A77830-16F5-42C4-B4B3-1C660B880A11}.Release|Any CPU.ActiveCfg = Release|Any CPU
		{43A77830-16F5-42C4-B4B3-1C660B880A11}.Release|Any CPU.Build.0 = Release|Any CPU
	EndGlobalSection
	GlobalSection(SolutionProperties) = preSolution
		HideSolutionNode = FALSE
	EndGlobalSection
	GlobalSection(ExtensibilityGlobals) = postSolution
		SolutionGuid = {79966B4B-50F5-415A-AD67-5B506C3289AE}
	EndGlobalSection
EndGlobal
