
Microsoft Visual Studio Solution File, Format Version 12.00
# Visual Studio Version 16
VisualStudioVersion = 16.0.29230.61
MinimumVisualStudioVersion = 10.0.40219.1
Project("{9A19103F-16F7-4668-BE54-9A1E7A4F7556}") = "TestBench", "TestBench\TestBench.csproj", "{43A77830-16F5-42C4-B4B3-1C660B880A11}"
EndProject
Project("{FAE04EC0-301F-11D3-BF4B-00C04F79EFBC}") = "TestBench.Tests", "TestBench.Tests\TestBench.Tests.csproj", "{C9999663-F339-4235-A2E3-23A83EB301B3}"
EndProject
Global
	GlobalSection(SolutionConfigurationPlatforms) = preSolution
		Debug|Any CPU = Debug|Any CPU
		Release|Any CPU = Release|Any CPU
	EndGlobalSection
	GlobalSection(ProjectConfigurationPlatforms) = postSolution
		{43A77830-16F5-42C4-B4B3-1C660B880A11}.Debug|Any CPU.ActiveCfg = Debug|Any CPU
		{43A77830-16F5-42C4-B4B3-1C660B880A11}.Debug|Any CPU.Build.0 = Debug|Any CPU
		{43A77830-16F5-42C4-B4B3-1C660B880A11}.Release|Any CPU.ActiveCfg = Release|Any CPU
		{43A77830-16F5-42C4-B4B3-1C660B880A11}.Release|Any CPU.Build.0 = Release|Any CPU
		{C9999663-F339-4235-A2E3-23A83EB301B3}.Debug|Any CPU.ActiveCfg = Debug|Any CPU
		{C9999663-F339-4235-A2E3-23A83EB301B3}.Debug|Any CPU.Build.0 = Debug|Any CPU
		{C9999663-F339-4235-A2E3-23A83EB301B3}.Release|Any CPU.ActiveCfg = Release|Any CPU
		{C9999663-F339-4235-A2E3-23A83EB301B3}.Release|Any CPU.Build.0 = Release|Any CPU
	EndGlobalSection
	GlobalSection(SolutionProperties) = preSolution
		HideSolutionNode = FALSE
	EndGlobalSection
	GlobalSection(ExtensibilityGlobals) = postSolution
		SolutionGuid = {79966B4B-50F5-415A-AD67-5B506C3289AE}
	EndGlobalSection
EndGlobal
